
Microsoft Visual Studio Solution File, Format Version 12.00
# Visual Studio Version 16
VisualStudioVersion = 16.0.31213.239
MinimumVisualStudioVersion = 10.0.40219.1
Project("{9A19103F-16F7-4668-BE54-9A1E7A4F7556}") = "000_Abstraction", "000_Abstraction.csproj", "{8E89EE73-9F63-47E8-9F7D-7779455F410B}"
EndProject
Global
	GlobalSection(SolutionConfigurationPlatforms) = preSolution
		Debug|Any CPU = Debug|Any CPU
		Release|Any CPU = Release|Any CPU
	EndGlobalSection
	GlobalSection(ProjectConfigurationPlatforms) = postSolution
		{8E89EE73-9F63-47E8-9F7D-7779455F410B}.Debug|Any CPU.ActiveCfg = Debug|Any CPU
		{8E89EE73-9F63-47E8-9F7D-7779455F410B}.Debug|Any CPU.Build.0 = Debug|Any CPU
		{8E89EE73-9F63-47E8-9F7D-7779455F410B}.Release|Any CPU.ActiveCfg = Release|Any CPU
		{8E89EE73-9F63-47E8-9F7D-7779455F410B}.Release|Any CPU.Build.0 = Release|Any CPU
	EndGlobalSection
	GlobalSection(SolutionProperties) = preSolution
		HideSolutionNode = FALSE
	EndGlobalSection
	GlobalSection(ExtensibilityGlobals) = postSolution
		SolutionGuid = {45F39D86-6B0C-4B76-9B46-E4C29F02C009}
	EndGlobalSection
EndGlobal
